
Microsoft Visual Studio Solution File, Format Version 12.00
# Visual Studio Version 16
VisualStudioVersion = 16.0.31613.86
MinimumVisualStudioVersion = 10.0.40219.1
Project("{8BC9CEB8-8B4A-11D0-8D11-00A0C91BC942}") = "LK_ref", "LK_ref.vcxproj", "{2AAA61A0-5DE2-4B3D-A962-BB99289AA22B}"
EndProject
Global
	GlobalSection(SolutionConfigurationPlatforms) = preSolution
		Debug|x64 = Debug|x64
		Debug|x86 = Debug|x86
		Release|x64 = Release|x64
		Release|x86 = Release|x86
	EndGlobalSection
	GlobalSection(ProjectConfigurationPlatforms) = postSolution
		{2AAA61A0-5DE2-4B3D-A962-BB99289AA22B}.Debug|x64.ActiveCfg = Debug|x64
		{2AAA61A0-5DE2-4B3D-A962-BB99289AA22B}.Debug|x64.Build.0 = Debug|x64
		{2AAA61A0-5DE2-4B3D-A962-BB99289AA22B}.Debug|x86.ActiveCfg = Debug|Win32
		{2AAA61A0-5DE2-4B3D-A962-BB99289AA22B}.Debug|x86.Build.0 = Debug|Win32
		{2AAA61A0-5DE2-4B3D-A962-BB99289AA22B}.Release|x64.ActiveCfg = Release|x64
		{2AAA61A0-5DE2-4B3D-A962-BB99289AA22B}.Release|x64.Build.0 = Release|x64
		{2AAA61A0-5DE2-4B3D-A962-BB99289AA22B}.Release|x86.ActiveCfg = Release|Win32
		{2AAA61A0-5DE2-4B3D-A962-BB99289AA22B}.Release|x86.Build.0 = Release|Win32
	EndGlobalSection
	GlobalSection(SolutionProperties) = preSolution
		HideSolutionNode = FALSE
	EndGlobalSection
	GlobalSection(ExtensibilityGlobals) = postSolution
		SolutionGuid = {F967BC97-3058-47D6-A331-1F60FC2AF59C}
	EndGlobalSection
EndGlobal
